// !$*UTF8*$!
{
	archiveVersion = 1;
	classes = {
	};
	objectVersion = 56;
	objects = {

/* Begin PBXBuildFile section */
		B5AA5A4E2927806500E11961 /* AppDelegate.swift in Sources */ = {isa = PBXBuildFile; fileRef = B5AA5A4D2927806500E11961 /* AppDelegate.swift */; };
		B5AA5A502927806500E11961 /* SceneDelegate.swift in Sources */ = {isa = PBXBuildFile; fileRef = B5AA5A4F2927806500E11961 /* SceneDelegate.swift */; };
		B5AA5A522927806500E11961 /* ViewController.swift in Sources */ = {isa = PBXBuildFile; fileRef = B5AA5A512927806500E11961 /* ViewController.swift */; };
		B5AA5A552927806500E11961 /* Main.storyboard in Resources */ = {isa = PBXBuildFile; fileRef = B5AA5A532927806500E11961 /* Main.storyboard */; };
		B5AA5A572927806800E11961 /* Assets.xcassets in Resources */ = {isa = PBXBuildFile; fileRef = B5AA5A562927806800E11961 /* Assets.xcassets */; };
		B5AA5A5A2927806800E11961 /* LaunchScreen.storyboard in Resources */ = {isa = PBXBuildFile; fileRef = B5AA5A582927806800E11961 /* LaunchScreen.storyboard */; };
		B5AA5A652927806800E11961 /* CapstoneTests.swift in Sources */ = {isa = PBXBuildFile; fileRef = B5AA5A642927806800E11961 /* CapstoneTests.swift */; };
		B5AA5A6F2927806800E11961 /* CapstoneUITests.swift in Sources */ = {isa = PBXBuildFile; fileRef = B5AA5A6E2927806800E11961 /* CapstoneUITests.swift */; };
		B5AA5A712927806800E11961 /* CapstoneUITestsLaunchTests.swift in Sources */ = {isa = PBXBuildFile; fileRef = B5AA5A702927806800E11961 /* CapstoneUITestsLaunchTests.swift */; };
/* End PBXBuildFile section */

/* Begin PBXContainerItemProxy section */
		B5AA5A612927806800E11961 /* PBXContainerItemProxy */ = {
			isa = PBXContainerItemProxy;
			containerPortal = B5AA5A422927806500E11961 /* Project object */;
			proxyType = 1;
			remoteGlobalIDString = B5AA5A492927806500E11961;
			remoteInfo = Capstone;
		};
		B5AA5A6B2927806800E11961 /* PBXContainerItemProxy */ = {
			isa = PBXContainerItemProxy;
			containerPortal = B5AA5A422927806500E11961 /* Project object */;
			proxyType = 1;
			remoteGlobalIDString = B5AA5A492927806500E11961;
			remoteInfo = Capstone;
		};
/* End PBXContainerItemProxy section */

/* Begin PBXFileReference section */
		B5AA5A4A2927806500E11961 /* Capstone.app */ = {isa = PBXFileReference; explicitFileType = wrapper.application; includeInIndex = 0; path = Capstone.app; sourceTree = BUILT_PRODUCTS_DIR; };
		B5AA5A4D2927806500E11961 /* AppDelegate.swift */ = {isa = PBXFileReference; lastKnownFileType = sourcecode.swift; path = AppDelegate.swift; sourceTree = "<group>"; };
		B5AA5A4F2927806500E11961 /* SceneDelegate.swift */ = {isa = PBXFileReference; lastKnownFileType = sourcecode.swift; path = SceneDelegate.swift; sourceTree = "<group>"; };
		B5AA5A512927806500E11961 /* ViewController.swift */ = {isa = PBXFileReference; lastKnownFileType = sourcecode.swift; path = ViewController.swift; sourceTree = "<group>"; };
		B5AA5A542927806500E11961 /* Base */ = {isa = PBXFileReference; lastKnownFileType = file.storyboard; name = Base; path = Base.lproj/Main.storyboard; sourceTree = "<group>"; };
		B5AA5A562927806800E11961 /* Assets.xcassets */ = {isa = PBXFileReference; lastKnownFileType = folder.assetcatalog; path = Assets.xcassets; sourceTree = "<group>"; };
		B5AA5A592927806800E11961 /* Base */ = {isa = PBXFileReference; lastKnownFileType = file.storyboard; name = Base; path = Base.lproj/LaunchScreen.storyboard; sourceTree = "<group>"; };
		B5AA5A5B2927806800E11961 /* Info.plist */ = {isa = PBXFileReference; lastKnownFileType = text.plist.xml; path = Info.plist; sourceTree = "<group>"; };
		B5AA5A602927806800E11961 /* CapstoneTests.xctest */ = {isa = PBXFileReference; explicitFileType = wrapper.cfbundle; includeInIndex = 0; path = CapstoneTests.xctest; sourceTree = BUILT_PRODUCTS_DIR; };
		B5AA5A642927806800E11961 /* CapstoneTests.swift */ = {isa = PBXFileReference; lastKnownFileType = sourcecode.swift; path = CapstoneTests.swift; sourceTree = "<group>"; };
		B5AA5A6A2927806800E11961 /* CapstoneUITests.xctest */ = {isa = PBXFileReference; explicitFileType = wrapper.cfbundle; includeInIndex = 0; path = CapstoneUITests.xctest; sourceTree = BUILT_PRODUCTS_DIR; };
		B5AA5A6E2927806800E11961 /* CapstoneUITests.swift */ = {isa = PBXFileReference; lastKnownFileType = sourcecode.swift; path = CapstoneUITests.swift; sourceTree = "<group>"; };
		B5AA5A702927806800E11961 /* CapstoneUITestsLaunchTests.swift */ = {isa = PBXFileReference; lastKnownFileType = sourcecode.swift; path = CapstoneUITestsLaunchTests.swift; sourceTree = "<group>"; };
/* End PBXFileReference section */

/* Begin PBXFrameworksBuildPhase section */
		B5AA5A472927806500E11961 /* Frameworks */ = {
			isa = PBXFrameworksBuildPhase;
			buildActionMask = 2147483647;
			files = (
			);
			runOnlyForDeploymentPostprocessing = 0;
		};
		B5AA5A5D2927806800E11961 /* Frameworks */ = {
			isa = PBXFrameworksBuildPhase;
			buildActionMask = 2147483647;
			files = (
			);
			runOnlyForDeploymentPostprocessing = 0;
		};
		B5AA5A672927806800E11961 /* Frameworks */ = {
			isa = PBXFrameworksBuildPhase;
			buildActionMask = 2147483647;
			files = (
			);
			runOnlyForDeploymentPostprocessing = 0;
		};
/* End PBXFrameworksBuildPhase section */

/* Begin PBXGroup section */
		B5AA5A412927806500E11961 = {
			isa = PBXGroup;
			children = (
				B5AA5A4C2927806500E11961 /* Capstone */,
				B5AA5A632927806800E11961 /* CapstoneTests */,
				B5AA5A6D2927806800E11961 /* CapstoneUITests */,
				B5AA5A4B2927806500E11961 /* Products */,
			);
			sourceTree = "<group>";
		};
		B5AA5A4B2927806500E11961 /* Products */ = {
			isa = PBXGroup;
			children = (
				B5AA5A4A2927806500E11961 /* Capstone.app */,
				B5AA5A602927806800E11961 /* CapstoneTests.xctest */,
				B5AA5A6A2927806800E11961 /* CapstoneUITests.xctest */,
			);
			name = Products;
			sourceTree = "<group>";
		};
		B5AA5A4C2927806500E11961 /* Capstone */ = {
			isa = PBXGroup;
			children = (
				B5AA5A4D2927806500E11961 /* AppDelegate.swift */,
				B5AA5A4F2927806500E11961 /* SceneDelegate.swift */,
				B5AA5A512927806500E11961 /* ViewController.swift */,
				B5AA5A532927806500E11961 /* Main.storyboard */,
				B5AA5A562927806800E11961 /* Assets.xcassets */,
				B5AA5A582927806800E11961 /* LaunchScreen.storyboard */,
				B5AA5A5B2927806800E11961 /* Info.plist */,
			);
			path = Capstone;
			sourceTree = "<group>";
		};
		B5AA5A632927806800E11961 /* CapstoneTests */ = {
			isa = PBXGroup;
			children = (
				B5AA5A642927806800E11961 /* CapstoneTests.swift */,
			);
			path = CapstoneTests;
			sourceTree = "<group>";
		};
		B5AA5A6D2927806800E11961 /* CapstoneUITests */ = {
			isa = PBXGroup;
			children = (
				B5AA5A6E2927806800E11961 /* CapstoneUITests.swift */,
				B5AA5A702927806800E11961 /* CapstoneUITestsLaunchTests.swift */,
			);
			path = CapstoneUITests;
			sourceTree = "<group>";
		};
/* End PBXGroup section */

/* Begin PBXNativeTarget section */
		B5AA5A492927806500E11961 /* Capstone */ = {
			isa = PBXNativeTarget;
			buildConfigurationList = B5AA5A742927806800E11961 /* Build configuration list for PBXNativeTarget "Capstone" */;
			buildPhases = (
				B5AA5A462927806500E11961 /* Sources */,
				B5AA5A472927806500E11961 /* Frameworks */,
				B5AA5A482927806500E11961 /* Resources */,
			);
			buildRules = (
			);
			dependencies = (
			);
			name = Capstone;
			productName = Capstone;
			productReference = B5AA5A4A2927806500E11961 /* Capstone.app */;
			productType = "com.apple.product-type.application";
		};
		B5AA5A5F2927806800E11961 /* CapstoneTests */ = {
			isa = PBXNativeTarget;
			buildConfigurationList = B5AA5A772927806800E11961 /* Build configuration list for PBXNativeTarget "CapstoneTests" */;
			buildPhases = (
				B5AA5A5C2927806800E11961 /* Sources */,
				B5AA5A5D2927806800E11961 /* Frameworks */,
				B5AA5A5E2927806800E11961 /* Resources */,
			);
			buildRules = (
			);
			dependencies = (
				B5AA5A622927806800E11961 /* PBXTargetDependency */,
			);
			name = CapstoneTests;
			productName = CapstoneTests;
			productReference = B5AA5A602927806800E11961 /* CapstoneTests.xctest */;
			productType = "com.apple.product-type.bundle.unit-test";
		};
		B5AA5A692927806800E11961 /* CapstoneUITests */ = {
			isa = PBXNativeTarget;
			buildConfigurationList = B5AA5A7A2927806800E11961 /* Build configuration list for PBXNativeTarget "CapstoneUITests" */;
			buildPhases = (
				B5AA5A662927806800E11961 /* Sources */,
				B5AA5A672927806800E11961 /* Frameworks */,
				B5AA5A682927806800E11961 /* Resources */,
			);
			buildRules = (
			);
			dependencies = (
				B5AA5A6C2927806800E11961 /* PBXTargetDependency */,
			);
			name = CapstoneUITests;
			productName = CapstoneUITests;
			productReference = B5AA5A6A2927806800E11961 /* CapstoneUITests.xctest */;
			productType = "com.apple.product-type.bundle.ui-testing";
		};
/* End PBXNativeTarget section */

/* Begin PBXProject section */
		B5AA5A422927806500E11961 /* Project object */ = {
			isa = PBXProject;
			attributes = {
				BuildIndependentTargetsInParallel = 1;
				LastSwiftUpdateCheck = 1400;
				LastUpgradeCheck = 1400;
				TargetAttributes = {
					B5AA5A492927806500E11961 = {
						CreatedOnToolsVersion = 14.0.1;
					};
					B5AA5A5F2927806800E11961 = {
						CreatedOnToolsVersion = 14.0.1;
						TestTargetID = B5AA5A492927806500E11961;
					};
					B5AA5A692927806800E11961 = {
						CreatedOnToolsVersion = 14.0.1;
						TestTargetID = B5AA5A492927806500E11961;
					};
				};
			};
			buildConfigurationList = B5AA5A452927806500E11961 /* Build configuration list for PBXProject "Capstone" */;
			compatibilityVersion = "Xcode 14.0";
			developmentRegion = en;
			hasScannedForEncodings = 0;
			knownRegions = (
				en,
				Base,
			);
			mainGroup = B5AA5A412927806500E11961;
			productRefGroup = B5AA5A4B2927806500E11961 /* Products */;
			projectDirPath = "";
			projectRoot = "";
			targets = (
				B5AA5A492927806500E11961 /* Capstone */,
				B5AA5A5F2927806800E11961 /* CapstoneTests */,
				B5AA5A692927806800E11961 /* CapstoneUITests */,
			);
		};
/* End PBXProject section */

/* Begin PBXResourcesBuildPhase section */
		B5AA5A482927806500E11961 /* Resources */ = {
			isa = PBXResourcesBuildPhase;
			buildActionMask = 2147483647;
			files = (
				B5AA5A5A2927806800E11961 /* LaunchScreen.storyboard in Resources */,
				B5AA5A572927806800E11961 /* Assets.xcassets in Resources */,
				B5AA5A552927806500E11961 /* Main.storyboard in Resources */,
			);
			runOnlyForDeploymentPostprocessing = 0;
		};
		B5AA5A5E2927806800E11961 /* Resources */ = {
			isa = PBXResourcesBuildPhase;
			buildActionMask = 2147483647;
			files = (
			);
			runOnlyForDeploymentPostprocessing = 0;
		};
		B5AA5A682927806800E11961 /* Resources */ = {
			isa = PBXResourcesBuildPhase;
			buildActionMask = 2147483647;
			files = (
			);
			runOnlyForDeploymentPostprocessing = 0;
		};
/* End PBXResourcesBuildPhase section */

/* Begin PBXSourcesBuildPhase section */
		B5AA5A462927806500E11961 /* Sources */ = {
			isa = PBXSourcesBuildPhase;
			buildActionMask = 2147483647;
			files = (
				B5AA5A522927806500E11961 /* ViewController.swift in Sources */,
				B5AA5A4E2927806500E11961 /* AppDelegate.swift in Sources */,
				B5AA5A502927806500E11961 /* SceneDelegate.swift in Sources */,
			);
			runOnlyForDeploymentPostprocessing = 0;
		};
		B5AA5A5C2927806800E11961 /* Sources */ = {
			isa = PBXSourcesBuildPhase;
			buildActionMask = 2147483647;
			files = (
				B5AA5A652927806800E11961 /* CapstoneTests.swift in Sources */,
			);
			runOnlyForDeploymentPostprocessing = 0;
		};
		B5AA5A662927806800E11961 /* Sources */ = {
			isa = PBXSourcesBuildPhase;
			buildActionMask = 2147483647;
			files = (
				B5AA5A712927806800E11961 /* CapstoneUITestsLaunchTests.swift in Sources */,
				B5AA5A6F2927806800E11961 /* CapstoneUITests.swift in Sources */,
			);
			runOnlyForDeploymentPostprocessing = 0;
		};
/* End PBXSourcesBuildPhase section */

/* Begin PBXTargetDependency section */
		B5AA5A622927806800E11961 /* PBXTargetDependency */ = {
			isa = PBXTargetDependency;
			target = B5AA5A492927806500E11961 /* Capstone */;
			targetProxy = B5AA5A612927806800E11961 /* PBXContainerItemProxy */;
		};
		B5AA5A6C2927806800E11961 /* PBXTargetDependency */ = {
			isa = PBXTargetDependency;
			target = B5AA5A492927806500E11961 /* Capstone */;
			targetProxy = B5AA5A6B2927806800E11961 /* PBXContainerItemProxy */;
		};
/* End PBXTargetDependency section */

/* Begin PBXVariantGroup section */
		B5AA5A532927806500E11961 /* Main.storyboard */ = {
			isa = PBXVariantGroup;
			children = (
				B5AA5A542927806500E11961 /* Base */,
			);
			name = Main.storyboard;
			sourceTree = "<group>";
		};
		B5AA5A582927806800E11961 /* LaunchScreen.storyboard */ = {
			isa = PBXVariantGroup;
			children = (
				B5AA5A592927806800E11961 /* Base */,
			);
			name = LaunchScreen.storyboard;
			sourceTree = "<group>";
		};
/* End PBXVariantGroup section */

/* Begin XCBuildConfiguration section */
		B5AA5A722927806800E11961 /* Debug */ = {
			isa = XCBuildConfiguration;
			buildSettings = {
				ALWAYS_SEARCH_USER_PATHS = NO;
				CLANG_ANALYZER_NONNULL = YES;
				CLANG_ANALYZER_NUMBER_OBJECT_CONVERSION = YES_AGGRESSIVE;
				CLANG_CXX_LANGUAGE_STANDARD = "gnu++20";
				CLANG_ENABLE_MODULES = YES;
				CLANG_ENABLE_OBJC_ARC = YES;
				CLANG_ENABLE_OBJC_WEAK = YES;
				CLANG_WARN_BLOCK_CAPTURE_AUTORELEASING = YES;
				CLANG_WARN_BOOL_CONVERSION = YES;
				CLANG_WARN_COMMA = YES;
				CLANG_WARN_CONSTANT_CONVERSION = YES;
				CLANG_WARN_DEPRECATED_OBJC_IMPLEMENTATIONS = YES;
				CLANG_WARN_DIRECT_OBJC_ISA_USAGE = YES_ERROR;
				CLANG_WARN_DOCUMENTATION_COMMENTS = YES;
				CLANG_WARN_EMPTY_BODY = YES;
				CLANG_WARN_ENUM_CONVERSION = YES;
				CLANG_WARN_INFINITE_RECURSION = YES;
				CLANG_WARN_INT_CONVERSION = YES;
				CLANG_WARN_NON_LITERAL_NULL_CONVERSION = YES;
				CLANG_WARN_OBJC_IMPLICIT_RETAIN_SELF = YES;
				CLANG_WARN_OBJC_LITERAL_CONVERSION = YES;
				CLANG_WARN_OBJC_ROOT_CLASS = YES_ERROR;
				CLANG_WARN_QUOTED_INCLUDE_IN_FRAMEWORK_HEADER = YES;
				CLANG_WARN_RANGE_LOOP_ANALYSIS = YES;
				CLANG_WARN_STRICT_PROTOTYPES = YES;
				CLANG_WARN_SUSPICIOUS_MOVE = YES;
				CLANG_WARN_UNGUARDED_AVAILABILITY = YES_AGGRESSIVE;
				CLANG_WARN_UNREACHABLE_CODE = YES;
				CLANG_WARN__DUPLICATE_METHOD_MATCH = YES;
				COPY_PHASE_STRIP = NO;
				DEBUG_INFORMATION_FORMAT = dwarf;
				ENABLE_STRICT_OBJC_MSGSEND = YES;
				ENABLE_TESTABILITY = YES;
				GCC_C_LANGUAGE_STANDARD = gnu11;
				GCC_DYNAMIC_NO_PIC = NO;
				GCC_NO_COMMON_BLOCKS = YES;
				GCC_OPTIMIZATION_LEVEL = 0;
				GCC_PREPROCESSOR_DEFINITIONS = (
					"DEBUG=1",
					"$(inherited)",
				);
				GCC_WARN_64_TO_32_BIT_CONVERSION = YES;
				GCC_WARN_ABOUT_RETURN_TYPE = YES_ERROR;
				GCC_WARN_UNDECLARED_SELECTOR = YES;
				GCC_WARN_UNINITIALIZED_AUTOS = YES_AGGRESSIVE;
				GCC_WARN_UNUSED_FUNCTION = YES;
				GCC_WARN_UNUSED_VARIABLE = YES;
				IPHONEOS_DEPLOYMENT_TARGET = 16.0;
				MTL_ENABLE_DEBUG_INFO = INCLUDE_SOURCE;
				MTL_FAST_MATH = YES;
				ONLY_ACTIVE_ARCH = YES;
				SDKROOT = iphoneos;
				SWIFT_ACTIVE_COMPILATION_CONDITIONS = DEBUG;
				SWIFT_OPTIMIZATION_LEVEL = "-Onone";
			};
			name = Debug;
		};
		B5AA5A732927806800E11961 /* Release */ = {
			isa = XCBuildConfiguration;
			buildSettings = {
				ALWAYS_SEARCH_USER_PATHS = NO;
				CLANG_ANALYZER_NONNULL = YES;
				CLANG_ANALYZER_NUMBER_OBJECT_CONVERSION = YES_AGGRESSIVE;
				CLANG_CXX_LANGUAGE_STANDARD = "gnu++20";
				CLANG_ENABLE_MODULES = YES;
				CLANG_ENABLE_OBJC_ARC = YES;
				CLANG_ENABLE_OBJC_WEAK = YES;
				CLANG_WARN_BLOCK_CAPTURE_AUTORELEASING = YES;
				CLANG_WARN_BOOL_CONVERSION = YES;
				CLANG_WARN_COMMA = YES;
				CLANG_WARN_CONSTANT_CONVERSION = YES;
				CLANG_WARN_DEPRECATED_OBJC_IMPLEMENTATIONS = YES;
				CLANG_WARN_DIRECT_OBJC_ISA_USAGE = YES_ERROR;
				CLANG_WARN_DOCUMENTATION_COMMENTS = YES;
				CLANG_WARN_EMPTY_BODY = YES;
				CLANG_WARN_ENUM_CONVERSION = YES;
				CLANG_WARN_INFINITE_RECURSION = YES;
				CLANG_WARN_INT_CONVERSION = YES;
				CLANG_WARN_NON_LITERAL_NULL_CONVERSION = YES;
				CLANG_WARN_OBJC_IMPLICIT_RETAIN_SELF = YES;
				CLANG_WARN_OBJC_LITERAL_CONVERSION = YES;
				CLANG_WARN_OBJC_ROOT_CLASS = YES_ERROR;
				CLANG_WARN_QUOTED_INCLUDE_IN_FRAMEWORK_HEADER = YES;
				CLANG_WARN_RANGE_LOOP_ANALYSIS = YES;
				CLANG_WARN_STRICT_PROTOTYPES = YES;
				CLANG_WARN_SUSPICIOUS_MOVE = YES;
				CLANG_WARN_UNGUARDED_AVAILABILITY = YES_AGGRESSIVE;
				CLANG_WARN_UNREACHABLE_CODE = YES;
				CLANG_WARN__DUPLICATE_METHOD_MATCH = YES;
				COPY_PHASE_STRIP = NO;
				DEBUG_INFORMATION_FORMAT = "dwarf-with-dsym";
				ENABLE_NS_ASSERTIONS = NO;
				ENABLE_STRICT_OBJC_MSGSEND = YES;
				GCC_C_LANGUAGE_STANDARD = gnu11;
				GCC_NO_COMMON_BLOCKS = YES;
				GCC_WARN_64_TO_32_BIT_CONVERSION = YES;
				GCC_WARN_ABOUT_RETURN_TYPE = YES_ERROR;
				GCC_WARN_UNDECLARED_SELECTOR = YES;
				GCC_WARN_UNINITIALIZED_AUTOS = YES_AGGRESSIVE;
				GCC_WARN_UNUSED_FUNCTION = YES;
				GCC_WARN_UNUSED_VARIABLE = YES;
				IPHONEOS_DEPLOYMENT_TARGET = 16.0;
				MTL_ENABLE_DEBUG_INFO = NO;
				MTL_FAST_MATH = YES;
				SDKROOT = iphoneos;
				SWIFT_COMPILATION_MODE = wholemodule;
				SWIFT_OPTIMIZATION_LEVEL = "-O";
				VALIDATE_PRODUCT = YES;
			};
			name = Release;
		};
		B5AA5A752927806800E11961 /* Debug */ = {
			isa = XCBuildConfiguration;
			buildSettings = {
				ASSETCATALOG_COMPILER_APPICON_NAME = AppIcon;
				ASSETCATALOG_COMPILER_GLOBAL_ACCENT_COLOR_NAME = AccentColor;
				CODE_SIGN_STYLE = Automatic;
				CURRENT_PROJECT_VERSION = 1;
				GENERATE_INFOPLIST_FILE = YES;
				INFOPLIST_FILE = Capstone/Info.plist;
				INFOPLIST_KEY_UIApplicationSupportsIndirectInputEvents = YES;
				INFOPLIST_KEY_UILaunchStoryboardName = LaunchScreen;
				INFOPLIST_KEY_UIMainStoryboardFile = Main;
				INFOPLIST_KEY_UISupportedInterfaceOrientations_iPad = "UIInterfaceOrientationPortrait UIInterfaceOrientationPortraitUpsideDown UIInterfaceOrientationLandscapeLeft UIInterfaceOrientationLandscapeRight";
				INFOPLIST_KEY_UISupportedInterfaceOrientations_iPhone = "UIInterfaceOrientationPortrait UIInterfaceOrientationLandscapeLeft UIInterfaceOrientationLandscapeRight";
				LD_RUNPATH_SEARCH_PATHS = (
					"$(inherited)",
					"@executable_path/Frameworks",
				);
				MARKETING_VERSION = 1.0;
				PRODUCT_BUNDLE_IDENTIFIER = Globe.Capstone;
				PRODUCT_NAME = "$(TARGET_NAME)";
				SWIFT_EMIT_LOC_STRINGS = YES;
				SWIFT_VERSION = 5.0;
				TARGETED_DEVICE_FAMILY = "1,2";
			};
			name = Debug;
		};
		B5AA5A762927806800E11961 /* Release */ = {
			isa = XCBuildConfiguration;
			buildSettings = {
				ASSETCATALOG_COMPILER_APPICON_NAME = AppIcon;
				ASSETCATALOG_COMPILER_GLOBAL_ACCENT_COLOR_NAME = AccentColor;
				CODE_SIGN_STYLE = Automatic;
				CURRENT_PROJECT_VERSION = 1;
				GENERATE_INFOPLIST_FILE = YES;
				INFOPLIST_FILE = Capstone/Info.plist;
				INFOPLIST_KEY_UIApplicationSupportsIndirectInputEvents = YES;
				INFOPLIST_KEY_UILaunchStoryboardName = LaunchScreen;
				INFOPLIST_KEY_UIMainStoryboardFile = Main;
				INFOPLIST_KEY_UISupportedInterfaceOrientations_iPad = "UIInterfaceOrientationPortrait UIInterfaceOrientationPortraitUpsideDown UIInterfaceOrientationLandscapeLeft UIInterfaceOrientationLandscapeRight";
				INFOPLIST_KEY_UISupportedInterfaceOrientations_iPhone = "UIInterfaceOrientationPortrait UIInterfaceOrientationLandscapeLeft UIInterfaceOrientationLandscapeRight";
				LD_RUNPATH_SEARCH_PATHS = (
					"$(inherited)",
					"@executable_path/Frameworks",
				);
				MARKETING_VERSION = 1.0;
				PRODUCT_BUNDLE_IDENTIFIER = Globe.Capstone;
				PRODUCT_NAME = "$(TARGET_NAME)";
				SWIFT_EMIT_LOC_STRINGS = YES;
				SWIFT_VERSION = 5.0;
				TARGETED_DEVICE_FAMILY = "1,2";
			};
			name = Release;
		};
		B5AA5A782927806800E11961 /* Debug */ = {
			isa = XCBuildConfiguration;
			buildSettings = {
				ALWAYS_EMBED_SWIFT_STANDARD_LIBRARIES = YES;
				BUNDLE_LOADER = "$(TEST_HOST)";
				CODE_SIGN_STYLE = Automatic;
				CURRENT_PROJECT_VERSION = 1;
				GENERATE_INFOPLIST_FILE = YES;
				IPHONEOS_DEPLOYMENT_TARGET = 16.0;
				MARKETING_VERSION = 1.0;
				PRODUCT_BUNDLE_IDENTIFIER = Globe.CapstoneTests;
				PRODUCT_NAME = "$(TARGET_NAME)";
				SWIFT_EMIT_LOC_STRINGS = NO;
				SWIFT_VERSION = 5.0;
				TARGETED_DEVICE_FAMILY = "1,2";
				TEST_HOST = "$(BUILT_PRODUCTS_DIR)/Capstone.app/$(BUNDLE_EXECUTABLE_FOLDER_PATH)/Capstone";
			};
			name = Debug;
		};
		B5AA5A792927806800E11961 /* Release */ = {
			isa = XCBuildConfiguration;
			buildSettings = {
				ALWAYS_EMBED_SWIFT_STANDARD_LIBRARIES = YES;
				BUNDLE_LOADER = "$(TEST_HOST)";
				CODE_SIGN_STYLE = Automatic;
				CURRENT_PROJECT_VERSION = 1;
				GENERATE_INFOPLIST_FILE = YES;
				IPHONEOS_DEPLOYMENT_TARGET = 16.0;
				MARKETING_VERSION = 1.0;
				PRODUCT_BUNDLE_IDENTIFIER = Globe.CapstoneTests;
				PRODUCT_NAME = "$(TARGET_NAME)";
				SWIFT_EMIT_LOC_STRINGS = NO;
				SWIFT_VERSION = 5.0;
				TARGETED_DEVICE_FAMILY = "1,2";
				TEST_HOST = "$(BUILT_PRODUCTS_DIR)/Capstone.app/$(BUNDLE_EXECUTABLE_FOLDER_PATH)/Capstone";
			};
			name = Release;
		};
		B5AA5A7B2927806800E11961 /* Debug */ = {
			isa = XCBuildConfiguration;
			buildSettings = {
				ALWAYS_EMBED_SWIFT_STANDARD_LIBRARIES = YES;
				CODE_SIGN_STYLE = Automatic;
				CURRENT_PROJECT_VERSION = 1;
				GENERATE_INFOPLIST_FILE = YES;
				MARKETING_VERSION = 1.0;
				PRODUCT_BUNDLE_IDENTIFIER = Globe.CapstoneUITests;
				PRODUCT_NAME = "$(TARGET_NAME)";
				SWIFT_EMIT_LOC_STRINGS = NO;
				SWIFT_VERSION = 5.0;
				TARGETED_DEVICE_FAMILY = "1,2";
				TEST_TARGET_NAME = Capstone;
			};
			name = Debug;
		};
		B5AA5A7C2927806800E11961 /* Release */ = {
			isa = XCBuildConfiguration;
			buildSettings = {
				ALWAYS_EMBED_SWIFT_STANDARD_LIBRARIES = YES;
				CODE_SIGN_STYLE = Automatic;
				CURRENT_PROJECT_VERSION = 1;
				GENERATE_INFOPLIST_FILE = YES;
				MARKETING_VERSION = 1.0;
				PRODUCT_BUNDLE_IDENTIFIER = Globe.CapstoneUITests;
				PRODUCT_NAME = "$(TARGET_NAME)";
				SWIFT_EMIT_LOC_STRINGS = NO;
				SWIFT_VERSION = 5.0;
				TARGETED_DEVICE_FAMILY = "1,2";
				TEST_TARGET_NAME = Capstone;
			};
			name = Release;
		};
/* End XCBuildConfiguration section */

/* Begin XCConfigurationList section */
		B5AA5A452927806500E11961 /* Build configuration list for PBXProject "Capstone" */ = {
			isa = XCConfigurationList;
			buildConfigurations = (
				B5AA5A722927806800E11961 /* Debug */,
				B5AA5A732927806800E11961 /* Release */,
			);
			defaultConfigurationIsVisible = 0;
			defaultConfigurationName = Release;
		};
		B5AA5A742927806800E11961 /* Build configuration list for PBXNativeTarget "Capstone" */ = {
			isa = XCConfigurationList;
			buildConfigurations = (
				B5AA5A752927806800E11961 /* Debug */,
				B5AA5A762927806800E11961 /* Release */,
			);
			defaultConfigurationIsVisible = 0;
			defaultConfigurationName = Release;
		};
		B5AA5A772927806800E11961 /* Build configuration list for PBXNativeTarget "CapstoneTests" */ = {
			isa = XCConfigurationList;
			buildConfigurations = (
				B5AA5A782927806800E11961 /* Debug */,
				B5AA5A792927806800E11961 /* Release */,
			);
			defaultConfigurationIsVisible = 0;
			defaultConfigurationName = Release;
		};
		B5AA5A7A2927806800E11961 /* Build configuration list for PBXNativeTarget "CapstoneUITests" */ = {
			isa = XCConfigurationList;
			buildConfigurations = (
				B5AA5A7B2927806800E11961 /* Debug */,
				B5AA5A7C2927806800E11961 /* Release */,
			);
			defaultConfigurationIsVisible = 0;
			defaultConfigurationName = Release;
		};
/* End XCConfigurationList section */
	};
	rootObject = B5AA5A422927806500E11961 /* Project object */;
}
